// !$*UTF8*$!
{
	archiveVersion = 1;
	classes = {
	};
	objectVersion = 56;
	objects = {

/* Begin PBXBuildFile section */
		C71578E7294C121E00C5487F /* Store.swift in Sources */ = {isa = PBXBuildFile; fileRef = C71578E6294C121E00C5487F /* Store.swift */; };
		C71578E9294C127E00C5487F /* Command.swift in Sources */ = {isa = PBXBuildFile; fileRef = C71578E8294C127E00C5487F /* Command.swift */; };
		C71578EB294C12F300C5487F /* State.swift in Sources */ = {isa = PBXBuildFile; fileRef = C71578EA294C12F300C5487F /* State.swift */; };
		C71578ED294C131700C5487F /* Action.swift in Sources */ = {isa = PBXBuildFile; fileRef = C71578EC294C131700C5487F /* Action.swift */; };
		C71578F0294C1FB000C5487F /* LaunchView.swift in Sources */ = {isa = PBXBuildFile; fileRef = C71578EF294C1FB000C5487F /* LaunchView.swift */; };
		C71578F2294C1FB900C5487F /* HomeView.swift in Sources */ = {isa = PBXBuildFile; fileRef = C71578F1294C1FB900C5487F /* HomeView.swift */; };
		C71578F4294C230900C5487F /* Helper.swift in Sources */ = {isa = PBXBuildFile; fileRef = C71578F3294C230900C5487F /* Helper.swift */; };
		C719DD562955751B0003C7E7 /* GoogleMobileAds in Frameworks */ = {isa = PBXBuildFile; productRef = C719DD552955751B0003C7E7 /* GoogleMobileAds */; };
		C719DD5829557A790003C7E7 /* GADCommand.swift in Sources */ = {isa = PBXBuildFile; fileRef = C719DD5729557A790003C7E7 /* GADCommand.swift */; };
		C719DD5A29557DE00003C7E7 /* GADConfigModel.swift in Sources */ = {isa = PBXBuildFile; fileRef = C719DD5929557DE00003C7E7 /* GADConfigModel.swift */; };
		C719DD5C29557DF40003C7E7 /* GADLoadModel.swift in Sources */ = {isa = PBXBuildFile; fileRef = C719DD5B29557DF40003C7E7 /* GADLoadModel.swift */; };
		C719DD5E29557E160003C7E7 /* GADModel.swift in Sources */ = {isa = PBXBuildFile; fileRef = C719DD5D29557E160003C7E7 /* GADModel.swift */; };
		C719DD6029557E390003C7E7 /* NativeView.swift in Sources */ = {isa = PBXBuildFile; fileRef = C719DD5F29557E390003C7E7 /* NativeView.swift */; };
		C719DD62295580D70003C7E7 /* admob.json in Resources */ = {isa = PBXBuildFile; fileRef = C719DD61295580D70003C7E7 /* admob.json */; };
		C722A81F294C0F7C00BFBC46 /* DarkBrowserApp.swift in Sources */ = {isa = PBXBuildFile; fileRef = C722A81E294C0F7C00BFBC46 /* DarkBrowserApp.swift */; };
		C722A821294C0F7C00BFBC46 /* ContentView.swift in Sources */ = {isa = PBXBuildFile; fileRef = C722A820294C0F7C00BFBC46 /* ContentView.swift */; };
		C722A823294C0F7E00BFBC46 /* Assets.xcassets in Resources */ = {isa = PBXBuildFile; fileRef = C722A822294C0F7E00BFBC46 /* Assets.xcassets */; };
		C722A826294C0F7E00BFBC46 /* Preview Assets.xcassets in Resources */ = {isa = PBXBuildFile; fileRef = C722A825294C0F7E00BFBC46 /* Preview Assets.xcassets */; };
		C7EC03072950450A0074DD55 /* WebItem.swift in Sources */ = {isa = PBXBuildFile; fileRef = C7EC03062950450A0074DD55 /* WebItem.swift */; };
		C7EC030929504FDF0074DD55 /* WebView.swift in Sources */ = {isa = PBXBuildFile; fileRef = C7EC030829504FDF0074DD55 /* WebView.swift */; };
		C7EC030D295051440074DD55 /* TabView.swift in Sources */ = {isa = PBXBuildFile; fileRef = C7EC030C295051440074DD55 /* TabView.swift */; };
		C7EC030F29515D390074DD55 /* SettingView.swift in Sources */ = {isa = PBXBuildFile; fileRef = C7EC030E29515D390074DD55 /* SettingView.swift */; };
		C7EC0311295165340074DD55 /* ShareView.swift in Sources */ = {isa = PBXBuildFile; fileRef = C7EC0310295165340074DD55 /* ShareView.swift */; };
		C7EC0313295169040074DD55 /* PrivacyView.swift in Sources */ = {isa = PBXBuildFile; fileRef = C7EC0312295169040074DD55 /* PrivacyView.swift */; };
		C7EC031529516B7C0074DD55 /* TermsView.swift in Sources */ = {isa = PBXBuildFile; fileRef = C7EC031429516B7C0074DD55 /* TermsView.swift */; };
		C7EC031729516D4F0074DD55 /* MyAlertView.swift in Sources */ = {isa = PBXBuildFile; fileRef = C7EC031629516D4F0074DD55 /* MyAlertView.swift */; };
		C7EC031929517D6E0074DD55 /* CleanView.swift in Sources */ = {isa = PBXBuildFile; fileRef = C7EC031829517D6E0074DD55 /* CleanView.swift */; };
		C7EC031B295186F20074DD55 /* FirebaseCommand.swift in Sources */ = {isa = PBXBuildFile; fileRef = C7EC031A295186F20074DD55 /* FirebaseCommand.swift */; };
		C7EC031E295187650074DD55 /* FirebaseAnalytics in Frameworks */ = {isa = PBXBuildFile; productRef = C7EC031D295187650074DD55 /* FirebaseAnalytics */; };
		C7EC0320295187650074DD55 /* FirebaseCrashlytics in Frameworks */ = {isa = PBXBuildFile; productRef = C7EC031F295187650074DD55 /* FirebaseCrashlytics */; };
		C7EC0322295187650074DD55 /* FirebaseRemoteConfig in Frameworks */ = {isa = PBXBuildFile; productRef = C7EC0321295187650074DD55 /* FirebaseRemoteConfig */; };
		C7EC0325295188220074DD55 /* FacebookAEM in Frameworks */ = {isa = PBXBuildFile; productRef = C7EC0324295188220074DD55 /* FacebookAEM */; };
		C7EC0327295188220074DD55 /* FacebookBasics in Frameworks */ = {isa = PBXBuildFile; productRef = C7EC0326295188220074DD55 /* FacebookBasics */; };
		C7EC0329295188220074DD55 /* FacebookCore in Frameworks */ = {isa = PBXBuildFile; productRef = C7EC0328295188220074DD55 /* FacebookCore */; };
		C7F8E8C82970F79600B2EEC0 /* GoogleService-Info.plist in Resources */ = {isa = PBXBuildFile; fileRef = C7F8E8C72970F79600B2EEC0 /* GoogleService-Info.plist */; };
/* End PBXBuildFile section */

/* Begin PBXFileReference section */
		C71578E6294C121E00C5487F /* Store.swift */ = {isa = PBXFileReference; lastKnownFileType = sourcecode.swift; path = Store.swift; sourceTree = "<group>"; };
		C71578E8294C127E00C5487F /* Command.swift */ = {isa = PBXFileReference; lastKnownFileType = sourcecode.swift; path = Command.swift; sourceTree = "<group>"; };
		C71578EA294C12F300C5487F /* State.swift */ = {isa = PBXFileReference; lastKnownFileType = sourcecode.swift; path = State.swift; sourceTree = "<group>"; };
		C71578EC294C131700C5487F /* Action.swift */ = {isa = PBXFileReference; lastKnownFileType = sourcecode.swift; path = Action.swift; sourceTree = "<group>"; };
		C71578EF294C1FB000C5487F /* LaunchView.swift */ = {isa = PBXFileReference; lastKnownFileType = sourcecode.swift; path = LaunchView.swift; sourceTree = "<group>"; };
		C71578F1294C1FB900C5487F /* HomeView.swift */ = {isa = PBXFileReference; lastKnownFileType = sourcecode.swift; path = HomeView.swift; sourceTree = "<group>"; };
		C71578F3294C230900C5487F /* Helper.swift */ = {isa = PBXFileReference; lastKnownFileType = sourcecode.swift; path = Helper.swift; sourceTree = "<group>"; };
		C719DD5729557A790003C7E7 /* GADCommand.swift */ = {isa = PBXFileReference; lastKnownFileType = sourcecode.swift; path = GADCommand.swift; sourceTree = "<group>"; };
		C719DD5929557DE00003C7E7 /* GADConfigModel.swift */ = {isa = PBXFileReference; lastKnownFileType = sourcecode.swift; path = GADConfigModel.swift; sourceTree = "<group>"; };
		C719DD5B29557DF40003C7E7 /* GADLoadModel.swift */ = {isa = PBXFileReference; lastKnownFileType = sourcecode.swift; path = GADLoadModel.swift; sourceTree = "<group>"; };
		C719DD5D29557E160003C7E7 /* GADModel.swift */ = {isa = PBXFileReference; lastKnownFileType = sourcecode.swift; path = GADModel.swift; sourceTree = "<group>"; };
		C719DD5F29557E390003C7E7 /* NativeView.swift */ = {isa = PBXFileReference; lastKnownFileType = sourcecode.swift; path = NativeView.swift; sourceTree = "<group>"; };
		C719DD61295580D70003C7E7 /* admob.json */ = {isa = PBXFileReference; fileEncoding = 4; lastKnownFileType = text.json; path = admob.json; sourceTree = "<group>"; };
		C722A81B294C0F7C00BFBC46 /* DarkBrowser.app */ = {isa = PBXFileReference; explicitFileType = wrapper.application; includeInIndex = 0; path = DarkBrowser.app; sourceTree = BUILT_PRODUCTS_DIR; };
		C722A81E294C0F7C00BFBC46 /* DarkBrowserApp.swift */ = {isa = PBXFileReference; lastKnownFileType = sourcecode.swift; path = DarkBrowserApp.swift; sourceTree = "<group>"; };
		C722A820294C0F7C00BFBC46 /* ContentView.swift */ = {isa = PBXFileReference; lastKnownFileType = sourcecode.swift; path = ContentView.swift; sourceTree = "<group>"; };
		C722A822294C0F7E00BFBC46 /* Assets.xcassets */ = {isa = PBXFileReference; lastKnownFileType = folder.assetcatalog; path = Assets.xcassets; sourceTree = "<group>"; };
		C722A825294C0F7E00BFBC46 /* Preview Assets.xcassets */ = {isa = PBXFileReference; lastKnownFileType = folder.assetcatalog; path = "Preview Assets.xcassets"; sourceTree = "<group>"; };
		C7EC03062950450A0074DD55 /* WebItem.swift */ = {isa = PBXFileReference; lastKnownFileType = sourcecode.swift; path = WebItem.swift; sourceTree = "<group>"; };
		C7EC030829504FDF0074DD55 /* WebView.swift */ = {isa = PBXFileReference; lastKnownFileType = sourcecode.swift; path = WebView.swift; sourceTree = "<group>"; };
		C7EC030C295051440074DD55 /* TabView.swift */ = {isa = PBXFileReference; lastKnownFileType = sourcecode.swift; path = TabView.swift; sourceTree = "<group>"; };
		C7EC030E29515D390074DD55 /* SettingView.swift */ = {isa = PBXFileReference; lastKnownFileType = sourcecode.swift; path = SettingView.swift; sourceTree = "<group>"; };
		C7EC0310295165340074DD55 /* ShareView.swift */ = {isa = PBXFileReference; lastKnownFileType = sourcecode.swift; path = ShareView.swift; sourceTree = "<group>"; };
		C7EC0312295169040074DD55 /* PrivacyView.swift */ = {isa = PBXFileReference; lastKnownFileType = sourcecode.swift; path = PrivacyView.swift; sourceTree = "<group>"; };
		C7EC031429516B7C0074DD55 /* TermsView.swift */ = {isa = PBXFileReference; lastKnownFileType = sourcecode.swift; path = TermsView.swift; sourceTree = "<group>"; };
		C7EC031629516D4F0074DD55 /* MyAlertView.swift */ = {isa = PBXFileReference; lastKnownFileType = sourcecode.swift; path = MyAlertView.swift; sourceTree = "<group>"; };
		C7EC031829517D6E0074DD55 /* CleanView.swift */ = {isa = PBXFileReference; lastKnownFileType = sourcecode.swift; path = CleanView.swift; sourceTree = "<group>"; };
		C7EC031A295186F20074DD55 /* FirebaseCommand.swift */ = {isa = PBXFileReference; lastKnownFileType = sourcecode.swift; path = FirebaseCommand.swift; sourceTree = "<group>"; };
		C7EC032A2952994E0074DD55 /* Info.plist */ = {isa = PBXFileReference; lastKnownFileType = text.plist; path = Info.plist; sourceTree = "<group>"; };
		C7F8E8C72970F79600B2EEC0 /* GoogleService-Info.plist */ = {isa = PBXFileReference; fileEncoding = 4; lastKnownFileType = text.plist.xml; path = "GoogleService-Info.plist"; sourceTree = "<group>"; };
/* End PBXFileReference section */

/* Begin PBXFrameworksBuildPhase section */
		C722A818294C0F7C00BFBC46 /* Frameworks */ = {
			isa = PBXFrameworksBuildPhase;
			buildActionMask = 2147483647;
			files = (
				C7EC0325295188220074DD55 /* FacebookAEM in Frameworks */,
				C7EC0329295188220074DD55 /* FacebookCore in Frameworks */,
				C7EC0322295187650074DD55 /* FirebaseRemoteConfig in Frameworks */,
				C7EC0327295188220074DD55 /* FacebookBasics in Frameworks */,
				C7EC031E295187650074DD55 /* FirebaseAnalytics in Frameworks */,
				C7EC0320295187650074DD55 /* FirebaseCrashlytics in Frameworks */,
				C719DD562955751B0003C7E7 /* GoogleMobileAds in Frameworks */,
			);
			runOnlyForDeploymentPostprocessing = 0;
		};
/* End PBXFrameworksBuildPhase section */

/* Begin PBXGroup section */
		C71578E5294C11F400C5487F /* DataFlow */ = {
			isa = PBXGroup;
			children = (
				C71578E6294C121E00C5487F /* Store.swift */,
				C71578E8294C127E00C5487F /* Command.swift */,
				C71578EA294C12F300C5487F /* State.swift */,
				C71578EC294C131700C5487F /* Action.swift */,
				C7EC03062950450A0074DD55 /* WebItem.swift */,
				C7EC031A295186F20074DD55 /* FirebaseCommand.swift */,
				C719DD5729557A790003C7E7 /* GADCommand.swift */,
				C719DD5929557DE00003C7E7 /* GADConfigModel.swift */,
				C719DD5B29557DF40003C7E7 /* GADLoadModel.swift */,
				C719DD5D29557E160003C7E7 /* GADModel.swift */,
			);
			path = DataFlow;
			sourceTree = "<group>";
		};
		C71578EE294C1FA600C5487F /* View */ = {
			isa = PBXGroup;
			children = (
				C71578EF294C1FB000C5487F /* LaunchView.swift */,
				C71578F1294C1FB900C5487F /* HomeView.swift */,
				C7EC030829504FDF0074DD55 /* WebView.swift */,
				C7EC030C295051440074DD55 /* TabView.swift */,
				C7EC030E29515D390074DD55 /* SettingView.swift */,
				C7EC0310295165340074DD55 /* ShareView.swift */,
				C7EC0312295169040074DD55 /* PrivacyView.swift */,
				C7EC031429516B7C0074DD55 /* TermsView.swift */,
				C7EC031629516D4F0074DD55 /* MyAlertView.swift */,
				C7EC031829517D6E0074DD55 /* CleanView.swift */,
				C719DD5F29557E390003C7E7 /* NativeView.swift */,
			);
			path = View;
			sourceTree = "<group>";
		};
		C722A812294C0F7C00BFBC46 = {
			isa = PBXGroup;
			children = (
				C722A81D294C0F7C00BFBC46 /* DarkBrowser */,
				C722A81C294C0F7C00BFBC46 /* Products */,
			);
			sourceTree = "<group>";
		};
		C722A81C294C0F7C00BFBC46 /* Products */ = {
			isa = PBXGroup;
			children = (
				C722A81B294C0F7C00BFBC46 /* DarkBrowser.app */,
			);
			name = Products;
			sourceTree = "<group>";
		};
		C722A81D294C0F7C00BFBC46 /* DarkBrowser */ = {
			isa = PBXGroup;
			children = (
				C7EC032A2952994E0074DD55 /* Info.plist */,
				C71578EE294C1FA600C5487F /* View */,
				C71578E5294C11F400C5487F /* DataFlow */,
				C722A81E294C0F7C00BFBC46 /* DarkBrowserApp.swift */,
				C722A820294C0F7C00BFBC46 /* ContentView.swift */,
				C71578F3294C230900C5487F /* Helper.swift */,
				C7F8E8C72970F79600B2EEC0 /* GoogleService-Info.plist */,
				C719DD61295580D70003C7E7 /* admob.json */,
				C722A822294C0F7E00BFBC46 /* Assets.xcassets */,
				C722A824294C0F7E00BFBC46 /* Preview Content */,
			);
			path = DarkBrowser;
			sourceTree = "<group>";
		};
		C722A824294C0F7E00BFBC46 /* Preview Content */ = {
			isa = PBXGroup;
			children = (
				C722A825294C0F7E00BFBC46 /* Preview Assets.xcassets */,
			);
			path = "Preview Content";
			sourceTree = "<group>";
		};
/* End PBXGroup section */

/* Begin PBXNativeTarget section */
		C722A81A294C0F7C00BFBC46 /* DarkBrowser */ = {
			isa = PBXNativeTarget;
			buildConfigurationList = C722A829294C0F7E00BFBC46 /* Build configuration list for PBXNativeTarget "DarkBrowser" */;
			buildPhases = (
				C722A817294C0F7C00BFBC46 /* Sources */,
				C722A818294C0F7C00BFBC46 /* Frameworks */,
				C722A819294C0F7C00BFBC46 /* Resources */,
			);
			buildRules = (
			);
			dependencies = (
			);
			name = DarkBrowser;
			packageProductDependencies = (
				C7EC031D295187650074DD55 /* FirebaseAnalytics */,
				C7EC031F295187650074DD55 /* FirebaseCrashlytics */,
				C7EC0321295187650074DD55 /* FirebaseRemoteConfig */,
				C7EC0324295188220074DD55 /* FacebookAEM */,
				C7EC0326295188220074DD55 /* FacebookBasics */,
				C7EC0328295188220074DD55 /* FacebookCore */,
				C719DD552955751B0003C7E7 /* GoogleMobileAds */,
			);
			productName = DarkBrowser;
			productReference = C722A81B294C0F7C00BFBC46 /* DarkBrowser.app */;
			productType = "com.apple.product-type.application";
		};
/* End PBXNativeTarget section */

/* Begin PBXProject section */
		C722A813294C0F7C00BFBC46 /* Project object */ = {
			isa = PBXProject;
			attributes = {
				BuildIndependentTargetsInParallel = 1;
				LastSwiftUpdateCheck = 1400;
				LastUpgradeCheck = 1400;
				TargetAttributes = {
					C722A81A294C0F7C00BFBC46 = {
						CreatedOnToolsVersion = 14.0.1;
					};
				};
			};
			buildConfigurationList = C722A816294C0F7C00BFBC46 /* Build configuration list for PBXProject "DarkBrowser" */;
			compatibilityVersion = "Xcode 14.0";
			developmentRegion = en;
			hasScannedForEncodings = 0;
			knownRegions = (
				en,
				Base,
			);
			mainGroup = C722A812294C0F7C00BFBC46;
			packageReferences = (
				C7EC031C295187650074DD55 /* XCRemoteSwiftPackageReference "firebase-ios-sdk" */,
				C7EC0323295188220074DD55 /* XCRemoteSwiftPackageReference "facebook-ios-sdk" */,
				C719DD542955751B0003C7E7 /* XCRemoteSwiftPackageReference "GoogleMobileAds" */,
			);
			productRefGroup = C722A81C294C0F7C00BFBC46 /* Products */;
			projectDirPath = "";
			projectRoot = "";
			targets = (
				C722A81A294C0F7C00BFBC46 /* DarkBrowser */,
			);
		};
/* End PBXProject section */

/* Begin PBXResourcesBuildPhase section */
		C722A819294C0F7C00BFBC46 /* Resources */ = {
			isa = PBXResourcesBuildPhase;
			buildActionMask = 2147483647;
			files = (
				C722A826294C0F7E00BFBC46 /* Preview Assets.xcassets in Resources */,
				C7F8E8C82970F79600B2EEC0 /* GoogleService-Info.plist in Resources */,
				C719DD62295580D70003C7E7 /* admob.json in Resources */,
				C722A823294C0F7E00BFBC46 /* Assets.xcassets in Resources */,
			);
			runOnlyForDeploymentPostprocessing = 0;
		};
/* End PBXResourcesBuildPhase section */

/* Begin PBXSourcesBuildPhase section */
		C722A817294C0F7C00BFBC46 /* Sources */ = {
			isa = PBXSourcesBuildPhase;
			buildActionMask = 2147483647;
			files = (
				C7EC031529516B7C0074DD55 /* TermsView.swift in Sources */,
				C71578E7294C121E00C5487F /* Store.swift in Sources */,
				C7EC031729516D4F0074DD55 /* MyAlertView.swift in Sources */,
				C71578ED294C131700C5487F /* Action.swift in Sources */,
				C719DD5A29557DE00003C7E7 /* GADConfigModel.swift in Sources */,
				C719DD6029557E390003C7E7 /* NativeView.swift in Sources */,
				C722A821294C0F7C00BFBC46 /* ContentView.swift in Sources */,
				C71578F0294C1FB000C5487F /* LaunchView.swift in Sources */,
				C719DD5829557A790003C7E7 /* GADCommand.swift in Sources */,
				C722A81F294C0F7C00BFBC46 /* DarkBrowserApp.swift in Sources */,
				C719DD5E29557E160003C7E7 /* GADModel.swift in Sources */,
				C71578F4294C230900C5487F /* Helper.swift in Sources */,
				C71578F2294C1FB900C5487F /* HomeView.swift in Sources */,
				C71578EB294C12F300C5487F /* State.swift in Sources */,
				C7EC030F29515D390074DD55 /* SettingView.swift in Sources */,
				C71578E9294C127E00C5487F /* Command.swift in Sources */,
				C7EC031B295186F20074DD55 /* FirebaseCommand.swift in Sources */,
				C7EC0311295165340074DD55 /* ShareView.swift in Sources */,
				C719DD5C29557DF40003C7E7 /* GADLoadModel.swift in Sources */,
				C7EC03072950450A0074DD55 /* WebItem.swift in Sources */,
				C7EC031929517D6E0074DD55 /* CleanView.swift in Sources */,
				C7EC030D295051440074DD55 /* TabView.swift in Sources */,
				C7EC030929504FDF0074DD55 /* WebView.swift in Sources */,
				C7EC0313295169040074DD55 /* PrivacyView.swift in Sources */,
			);
			runOnlyForDeploymentPostprocessing = 0;
		};
/* End PBXSourcesBuildPhase section */

/* Begin XCBuildConfiguration section */
		C722A827294C0F7E00BFBC46 /* Debug */ = {
			isa = XCBuildConfiguration;
			buildSettings = {
				ALWAYS_SEARCH_USER_PATHS = NO;
				CLANG_ANALYZER_NONNULL = YES;
				CLANG_ANALYZER_NUMBER_OBJECT_CONVERSION = YES_AGGRESSIVE;
				CLANG_CXX_LANGUAGE_STANDARD = "gnu++20";
				CLANG_ENABLE_MODULES = YES;
				CLANG_ENABLE_OBJC_ARC = YES;
				CLANG_ENABLE_OBJC_WEAK = YES;
				CLANG_WARN_BLOCK_CAPTURE_AUTORELEASING = YES;
				CLANG_WARN_BOOL_CONVERSION = YES;
				CLANG_WARN_COMMA = YES;
				CLANG_WARN_CONSTANT_CONVERSION = YES;
				CLANG_WARN_DEPRECATED_OBJC_IMPLEMENTATIONS = YES;
				CLANG_WARN_DIRECT_OBJC_ISA_USAGE = YES_ERROR;
				CLANG_WARN_DOCUMENTATION_COMMENTS = YES;
				CLANG_WARN_EMPTY_BODY = YES;
				CLANG_WARN_ENUM_CONVERSION = YES;
				CLANG_WARN_INFINITE_RECURSION = YES;
				CLANG_WARN_INT_CONVERSION = YES;
				CLANG_WARN_NON_LITERAL_NULL_CONVERSION = YES;
				CLANG_WARN_OBJC_IMPLICIT_RETAIN_SELF = YES;
				CLANG_WARN_OBJC_LITERAL_CONVERSION = YES;
				CLANG_WARN_OBJC_ROOT_CLASS = YES_ERROR;
				CLANG_WARN_QUOTED_INCLUDE_IN_FRAMEWORK_HEADER = YES;
				CLANG_WARN_RANGE_LOOP_ANALYSIS = YES;
				CLANG_WARN_STRICT_PROTOTYPES = YES;
				CLANG_WARN_SUSPICIOUS_MOVE = YES;
				CLANG_WARN_UNGUARDED_AVAILABILITY = YES_AGGRESSIVE;
				CLANG_WARN_UNREACHABLE_CODE = YES;
				CLANG_WARN__DUPLICATE_METHOD_MATCH = YES;
				COPY_PHASE_STRIP = NO;
				DEBUG_INFORMATION_FORMAT = dwarf;
				ENABLE_STRICT_OBJC_MSGSEND = YES;
				ENABLE_TESTABILITY = YES;
				GCC_C_LANGUAGE_STANDARD = gnu11;
				GCC_DYNAMIC_NO_PIC = NO;
				GCC_NO_COMMON_BLOCKS = YES;
				GCC_OPTIMIZATION_LEVEL = 0;
				GCC_PREPROCESSOR_DEFINITIONS = (
					"DEBUG=1",
					"$(inherited)",
				);
				GCC_WARN_64_TO_32_BIT_CONVERSION = YES;
				GCC_WARN_ABOUT_RETURN_TYPE = YES_ERROR;
				GCC_WARN_UNDECLARED_SELECTOR = YES;
				GCC_WARN_UNINITIALIZED_AUTOS = YES_AGGRESSIVE;
				GCC_WARN_UNUSED_FUNCTION = YES;
				GCC_WARN_UNUSED_VARIABLE = YES;
				IPHONEOS_DEPLOYMENT_TARGET = 14.0;
				MTL_ENABLE_DEBUG_INFO = INCLUDE_SOURCE;
				MTL_FAST_MATH = YES;
				ONLY_ACTIVE_ARCH = YES;
				SDKROOT = iphoneos;
				SWIFT_ACTIVE_COMPILATION_CONDITIONS = DEBUG;
				SWIFT_OPTIMIZATION_LEVEL = "-Onone";
			};
			name = Debug;
		};
		C722A828294C0F7E00BFBC46 /* Release */ = {
			isa = XCBuildConfiguration;
			buildSettings = {
				ALWAYS_SEARCH_USER_PATHS = NO;
				CLANG_ANALYZER_NONNULL = YES;
				CLANG_ANALYZER_NUMBER_OBJECT_CONVERSION = YES_AGGRESSIVE;
				CLANG_CXX_LANGUAGE_STANDARD = "gnu++20";
				CLANG_ENABLE_MODULES = YES;
				CLANG_ENABLE_OBJC_ARC = YES;
				CLANG_ENABLE_OBJC_WEAK = YES;
				CLANG_WARN_BLOCK_CAPTURE_AUTORELEASING = YES;
				CLANG_WARN_BOOL_CONVERSION = YES;
				CLANG_WARN_COMMA = YES;
				CLANG_WARN_CONSTANT_CONVERSION = YES;
				CLANG_WARN_DEPRECATED_OBJC_IMPLEMENTATIONS = YES;
				CLANG_WARN_DIRECT_OBJC_ISA_USAGE = YES_ERROR;
				CLANG_WARN_DOCUMENTATION_COMMENTS = YES;
				CLANG_WARN_EMPTY_BODY = YES;
				CLANG_WARN_ENUM_CONVERSION = YES;
				CLANG_WARN_INFINITE_RECURSION = YES;
				CLANG_WARN_INT_CONVERSION = YES;
				CLANG_WARN_NON_LITERAL_NULL_CONVERSION = YES;
				CLANG_WARN_OBJC_IMPLICIT_RETAIN_SELF = YES;
				CLANG_WARN_OBJC_LITERAL_CONVERSION = YES;
				CLANG_WARN_OBJC_ROOT_CLASS = YES_ERROR;
				CLANG_WARN_QUOTED_INCLUDE_IN_FRAMEWORK_HEADER = YES;
				CLANG_WARN_RANGE_LOOP_ANALYSIS = YES;
				CLANG_WARN_STRICT_PROTOTYPES = YES;
				CLANG_WARN_SUSPICIOUS_MOVE = YES;
				CLANG_WARN_UNGUARDED_AVAILABILITY = YES_AGGRESSIVE;
				CLANG_WARN_UNREACHABLE_CODE = YES;
				CLANG_WARN__DUPLICATE_METHOD_MATCH = YES;
				COPY_PHASE_STRIP = NO;
				DEBUG_INFORMATION_FORMAT = "dwarf-with-dsym";
				ENABLE_NS_ASSERTIONS = NO;
				ENABLE_STRICT_OBJC_MSGSEND = YES;
				GCC_C_LANGUAGE_STANDARD = gnu11;
				GCC_NO_COMMON_BLOCKS = YES;
				GCC_WARN_64_TO_32_BIT_CONVERSION = YES;
				GCC_WARN_ABOUT_RETURN_TYPE = YES_ERROR;
				GCC_WARN_UNDECLARED_SELECTOR = YES;
				GCC_WARN_UNINITIALIZED_AUTOS = YES_AGGRESSIVE;
				GCC_WARN_UNUSED_FUNCTION = YES;
				GCC_WARN_UNUSED_VARIABLE = YES;
				IPHONEOS_DEPLOYMENT_TARGET = 14.0;
				MTL_ENABLE_DEBUG_INFO = NO;
				MTL_FAST_MATH = YES;
				SDKROOT = iphoneos;
				SWIFT_COMPILATION_MODE = wholemodule;
				SWIFT_OPTIMIZATION_LEVEL = "-O";
				VALIDATE_PRODUCT = YES;
			};
			name = Release;
		};
		C722A82A294C0F7E00BFBC46 /* Debug */ = {
			isa = XCBuildConfiguration;
			buildSettings = {
				ASSETCATALOG_COMPILER_APPICON_NAME = AppIcon;
				ASSETCATALOG_COMPILER_GLOBAL_ACCENT_COLOR_NAME = AccentColor;
				CODE_SIGN_STYLE = Automatic;
				CURRENT_PROJECT_VERSION = 1;
				DEVELOPMENT_ASSET_PATHS = "\"DarkBrowser/Preview Content\"";
				DEVELOPMENT_TEAM = 7HTJ8C6E28;
				ENABLE_PREVIEWS = YES;
				GENERATE_INFOPLIST_FILE = YES;
				INFOPLIST_FILE = DarkBrowser/Info.plist;
				INFOPLIST_KEY_NSUserTrackingUsageDescription = "Please allow access to your activity tracking to provide personalized push services and reduce interference caused by irrelevant services.";
				INFOPLIST_KEY_UIApplicationSceneManifest_Generation = YES;
				INFOPLIST_KEY_UIApplicationSupportsIndirectInputEvents = YES;
				INFOPLIST_KEY_UILaunchScreen_Generation = YES;
				INFOPLIST_KEY_UISupportedInterfaceOrientations = UIInterfaceOrientationPortrait;
				INFOPLIST_KEY_UISupportedInterfaceOrientations_iPad = "UIInterfaceOrientationLandscapeLeft UIInterfaceOrientationLandscapeRight UIInterfaceOrientationPortrait UIInterfaceOrientationPortraitUpsideDown";
				INFOPLIST_KEY_UIUserInterfaceStyle = Light;
				IPHONEOS_DEPLOYMENT_TARGET = 14.0;
				LD_RUNPATH_SEARCH_PATHS = (
					"$(inherited)",
					"@executable_path/Frameworks",
				);
				MARKETING_VERSION = 1.0;
				PRODUCT_BUNDLE_IDENTIFIER = com.testbird.DarkBrowser;
				PRODUCT_NAME = "$(TARGET_NAME)";
				SUPPORTED_PLATFORMS = "iphoneos iphonesimulator";
				SUPPORTS_MACCATALYST = NO;
				SUPPORTS_MAC_DESIGNED_FOR_IPHONE_IPAD = YES;
				SWIFT_EMIT_LOC_STRINGS = YES;
				SWIFT_VERSION = 5.0;
				TARGETED_DEVICE_FAMILY = 1;
			};
			name = Debug;
		};
		C722A82B294C0F7E00BFBC46 /* Release */ = {
			isa = XCBuildConfiguration;
			buildSettings = {
				ASSETCATALOG_COMPILER_APPICON_NAME = AppIcon;
				ASSETCATALOG_COMPILER_GLOBAL_ACCENT_COLOR_NAME = AccentColor;
				CODE_SIGN_STYLE = Automatic;
				CURRENT_PROJECT_VERSION = 1;
				DEVELOPMENT_ASSET_PATHS = "\"DarkBrowser/Preview Content\"";
				DEVELOPMENT_TEAM = 7HTJ8C6E28;
				ENABLE_PREVIEWS = YES;
				GENERATE_INFOPLIST_FILE = YES;
				INFOPLIST_FILE = DarkBrowser/Info.plist;
				INFOPLIST_KEY_NSUserTrackingUsageDescription = "Please allow access to your activity tracking to provide personalized push services and reduce interference caused by irrelevant services.";
				INFOPLIST_KEY_UIApplicationSceneManifest_Generation = YES;
				INFOPLIST_KEY_UIApplicationSupportsIndirectInputEvents = YES;
				INFOPLIST_KEY_UILaunchScreen_Generation = YES;
				INFOPLIST_KEY_UISupportedInterfaceOrientations = UIInterfaceOrientationPortrait;
				INFOPLIST_KEY_UISupportedInterfaceOrientations_iPad = "UIInterfaceOrientationLandscapeLeft UIInterfaceOrientationLandscapeRight UIInterfaceOrientationPortrait UIInterfaceOrientationPortraitUpsideDown";
				INFOPLIST_KEY_UIUserInterfaceStyle = Light;
				IPHONEOS_DEPLOYMENT_TARGET = 14.0;
				LD_RUNPATH_SEARCH_PATHS = (
					"$(inherited)",
					"@executable_path/Frameworks",
				);
				MARKETING_VERSION = 1.0;
				PRODUCT_BUNDLE_IDENTIFIER = com.testbird.DarkBrowser;
				PRODUCT_NAME = "$(TARGET_NAME)";
				SUPPORTED_PLATFORMS = "iphoneos iphonesimulator";
				SUPPORTS_MACCATALYST = NO;
				SUPPORTS_MAC_DESIGNED_FOR_IPHONE_IPAD = YES;
				SWIFT_EMIT_LOC_STRINGS = YES;
				SWIFT_VERSION = 5.0;
				TARGETED_DEVICE_FAMILY = 1;
			};
			name = Release;
		};
/* End XCBuildConfiguration section */

/* Begin XCConfigurationList section */
		C722A816294C0F7C00BFBC46 /* Build configuration list for PBXProject "DarkBrowser" */ = {
			isa = XCConfigurationList;
			buildConfigurations = (
				C722A827294C0F7E00BFBC46 /* Debug */,
				C722A828294C0F7E00BFBC46 /* Release */,
			);
			defaultConfigurationIsVisible = 0;
			defaultConfigurationName = Release;
		};
		C722A829294C0F7E00BFBC46 /* Build configuration list for PBXNativeTarget "DarkBrowser" */ = {
			isa = XCConfigurationList;
			buildConfigurations = (
				C722A82A294C0F7E00BFBC46 /* Debug */,
				C722A82B294C0F7E00BFBC46 /* Release */,
			);
			defaultConfigurationIsVisible = 0;
			defaultConfigurationName = Release;
		};
/* End XCConfigurationList section */

/* Begin XCRemoteSwiftPackageReference section */
		C719DD542955751B0003C7E7 /* XCRemoteSwiftPackageReference "GoogleMobileAds" */ = {
			isa = XCRemoteSwiftPackageReference;
			repositoryURL = "https://github.com/quanghits/GoogleMobileAds";
			requirement = {
				kind = upToNextMajorVersion;
				minimumVersion = 9.0.0;
			};
		};
		C7EC031C295187650074DD55 /* XCRemoteSwiftPackageReference "firebase-ios-sdk" */ = {
			isa = XCRemoteSwiftPackageReference;
			repositoryURL = "https://github.com/firebase/firebase-ios-sdk";
			requirement = {
				kind = upToNextMajorVersion;
				minimumVersion = 9.0.0;
			};
		};
		C7EC0323295188220074DD55 /* XCRemoteSwiftPackageReference "facebook-ios-sdk" */ = {
			isa = XCRemoteSwiftPackageReference;
			repositoryURL = "https://github.com/facebook/facebook-ios-sdk";
			requirement = {
				branch = main;
				kind = branch;
			};
		};
/* End XCRemoteSwiftPackageReference section */

/* Begin XCSwiftPackageProductDependency section */
		C719DD552955751B0003C7E7 /* GoogleMobileAds */ = {
			isa = XCSwiftPackageProductDependency;
			package = C719DD542955751B0003C7E7 /* XCRemoteSwiftPackageReference "GoogleMobileAds" */;
			productName = GoogleMobileAds;
		};
		C7EC031D295187650074DD55 /* FirebaseAnalytics */ = {
			isa = XCSwiftPackageProductDependency;
			package = C7EC031C295187650074DD55 /* XCRemoteSwiftPackageReference "firebase-ios-sdk" */;
			productName = FirebaseAnalytics;
		};
		C7EC031F295187650074DD55 /* FirebaseCrashlytics */ = {
			isa = XCSwiftPackageProductDependency;
			package = C7EC031C295187650074DD55 /* XCRemoteSwiftPackageReference "firebase-ios-sdk" */;
			productName = FirebaseCrashlytics;
		};
		C7EC0321295187650074DD55 /* FirebaseRemoteConfig */ = {
			isa = XCSwiftPackageProductDependency;
			package = C7EC031C295187650074DD55 /* XCRemoteSwiftPackageReference "firebase-ios-sdk" */;
			productName = FirebaseRemoteConfig;
		};
		C7EC0324295188220074DD55 /* FacebookAEM */ = {
			isa = XCSwiftPackageProductDependency;
			package = C7EC0323295188220074DD55 /* XCRemoteSwiftPackageReference "facebook-ios-sdk" */;
			productName = FacebookAEM;
		};
		C7EC0326295188220074DD55 /* FacebookBasics */ = {
			isa = XCSwiftPackageProductDependency;
			package = C7EC0323295188220074DD55 /* XCRemoteSwiftPackageReference "facebook-ios-sdk" */;
			productName = FacebookBasics;
		};
		C7EC0328295188220074DD55 /* FacebookCore */ = {
			isa = XCSwiftPackageProductDependency;
			package = C7EC0323295188220074DD55 /* XCRemoteSwiftPackageReference "facebook-ios-sdk" */;
			productName = FacebookCore;
		};
/* End XCSwiftPackageProductDependency section */
	};
	rootObject = C722A813294C0F7C00BFBC46 /* Project object */;
}
